<?xml version="1.0" encoding="utf-8"?>
<Project ToolsVersion="4.0" xmlns="http://schemas.microsoft.com/developer/msbuild/2003">
  <ItemGroup>
    <Filter Include="Исходные файлы">
      <UniqueIdentifier>{4FC737F1-C7A5-4376-A066-2A32D752A2FF}</UniqueIdentifier>
      <Extensions>cpp;c;cc;cxx;c++;cppm;ixx;def;odl;idl;hpj;bat;asm;asmx</Extensions>
    </Filter>
    <Filter Include="Файлы заголовков">
      <UniqueIdentifier>{93995380-89BD-4b04-88EB-625FBE52EBFB}</UniqueIdentifier>
      <Extensions>h;hh;hpp;hxx;h++;hm;inl;inc;ipp;xsd</Extensions>
    </Filter>
    <Filter Include="Файлы ресурсов">
      <UniqueIdentifier>{67DA6AB6-F800-4c08-8B7A-83BB121AAD01}</UniqueIdentifier>
      <Extensions>rc;ico;cur;bmp;dlg;rc2;rct;bin;rgs;gif;jpg;jpeg;jpe;resx;tiff;tif;png;wav;mfcribbon-ms</Extensions>
    </Filter>
    <Filter Include="Файлы ресурсов\Music">
      <UniqueIdentifier>{7ac27741-7547-4be3-9808-6f75d285ba20}</UniqueIdentifier>
    </Filter>
    <Filter Include="Файлы ресурсов\Font">
      <UniqueIdentifier>{ac90956e-b00d-476f-a253-dc213518467f}</UniqueIdentifier>
    </Filter>
    <Filter Include="Файлы заголовков\Player">
      <UniqueIdentifier>{e1f35e5b-30d5-40d8-a472-6ca7f3e9b7f1}</UniqueIdentifier>
    </Filter>
    <Filter Include="Исходные файлы\Player">
      <UniqueIdentifier>{3e92be63-41f8-4233-8584-fe1a3f3d59f3}</UniqueIdentifier>
    </Filter>
    <Filter Include="Файлы ресурсов\Sprites">
      <UniqueIdentifier>{fb090c50-5c2e-448d-b419-6b4912e09a39}</UniqueIdentifier>
    </Filter>
    <Filter Include="Файлы ресурсов\Sound">
      <UniqueIdentifier>{d76280cb-fa82-48d6-80ee-f55f845dd29b}</UniqueIdentifier>
    </Filter>
  </ItemGroup>
  <ItemGroup>
    <ClCompile Include="KVLT.cpp">
      <Filter>Исходные файлы</Filter>
    </ClCompile>
    <ClCompile Include="Enemy.cpp">
      <Filter>Исходные файлы</Filter>
    </ClCompile>
    <ClCompile Include="Altar.cpp">
      <Filter>Исходные файлы</Filter>
    </ClCompile>
    <ClCompile Include="Flask.cpp">
      <Filter>Исходные файлы</Filter>
    </ClCompile>
    <ClCompile Include="DataSource.cpp">
      <Filter>Исходные файлы</Filter>
    </ClCompile>
    <ClCompile Include="Service.cpp">
      <Filter>Исходные файлы</Filter>
    </ClCompile>
    <ClCompile Include="Player.cpp">
      <Filter>Исходные файлы\Player</Filter>
    </ClCompile>
    <ClCompile Include="PlayerInventory.cpp">
      <Filter>Исходные файлы\Player</Filter>
    </ClCompile>
    <ClCompile Include="PlayerService.cpp">
      <Filter>Исходные файлы\Player</Filter>
    </ClCompile>
    <ClCompile Include="PlayerWeapon.cpp">
      <Filter>Исходные файлы\Player</Filter>
    </ClCompile>
    <ClCompile Include="Clergy.cpp">
      <Filter>Исходные файлы\Player</Filter>
    </ClCompile>
    <ClCompile Include="Ground.cpp">
      <Filter>Исходные файлы</Filter>
    </ClCompile>
    <ClCompile Include="Pugalo.cpp">
      <Filter>Исходные файлы</Filter>
    </ClCompile>
    <ClCompile Include="Border.cpp">
      <Filter>Исходные файлы</Filter>
    </ClCompile>
    <ClCompile Include="Level_logic.cpp">
      <Filter>Исходные файлы</Filter>
    </ClCompile>
    <ClCompile Include="Priest.cpp">
      <Filter>Исходные файлы</Filter>
    </ClCompile>
  </ItemGroup>
  <ItemGroup>
    <ClInclude Include="Enemy.h">
      <Filter>Файлы заголовков</Filter>
    </ClInclude>
    <ClInclude Include="Altar.h">
      <Filter>Файлы заголовков</Filter>
    </ClInclude>
    <ClInclude Include="Flask.h">
      <Filter>Файлы заголовков</Filter>
    </ClInclude>
    <ClInclude Include="DataSource.h">
      <Filter>Файлы заголовков</Filter>
    </ClInclude>
    <ClInclude Include="Service.h">
      <Filter>Файлы заголовков</Filter>
    </ClInclude>
    <ClInclude Include="PlayerInventory.h">
      <Filter>Файлы заголовков\Player</Filter>
    </ClInclude>
    <ClInclude Include="Player.h">
      <Filter>Файлы заголовков\Player</Filter>
    </ClInclude>
    <ClInclude Include="PlayerService.h">
      <Filter>Файлы заголовков\Player</Filter>
    </ClInclude>
    <ClInclude Include="PlayerWeapon.h">
      <Filter>Файлы заголовков\Player</Filter>
    </ClInclude>
    <ClInclude Include="Clergy.h">
      <Filter>Файлы заголовков\Player</Filter>
    </ClInclude>
    <ClInclude Include="Ground.h">
      <Filter>Файлы заголовков</Filter>
    </ClInclude>
    <ClInclude Include="Pugalo.h">
      <Filter>Файлы заголовков</Filter>
    </ClInclude>
    <ClInclude Include="Border.h">
      <Filter>Файлы заголовков</Filter>
    </ClInclude>
    <ClInclude Include="Level_logic.h">
      <Filter>Файлы заголовков</Filter>
    </ClInclude>
    <ClInclude Include="Priest.h">
      <Filter>Файлы заголовков</Filter>
    </ClInclude>
  </ItemGroup>
  <ItemGroup>
    <Media Include="Music\mainMusic.mp3">
      <Filter>Файлы ресурсов\Music</Filter>
    </Media>
    <Media Include="Music\mainMusic_2.mp3">
      <Filter>Файлы ресурсов\Music</Filter>
    </Media>
    <Media Include="Music\mainMusic_3.mp3">
      <Filter>Файлы ресурсов\Music</Filter>
    </Media>
    <Media Include="Music\mainMusic_4.mp3">
      <Filter>Файлы ресурсов\Music</Filter>
    </Media>
    <Media Include="Music\mainMusic_5.mp3">
      <Filter>Файлы ресурсов\Music</Filter>
    </Media>
    <Media Include="Music\mainMusic_6.mp3">
      <Filter>Файлы ресурсов\Music</Filter>
    </Media>
    <Media Include="Music\mainMusic_7.mp3">
      <Filter>Файлы ресурсов\Music</Filter>
    </Media>
    <Media Include="Sounds\Dash.wav">
      <Filter>Файлы ресурсов\Sound</Filter>
    </Media>
    <Media Include="Sounds\Play_button.wav">
      <Filter>Файлы ресурсов\Sound</Filter>
    </Media>
    <Media Include="Sounds\Jump.mp3">
      <Filter>Файлы ресурсов\Sound</Filter>
    </Media>
  </ItemGroup>
  <ItemGroup>
    <Image Include="Font.png">
      <Filter>Файлы ресурсов\Font</Filter>
    </Image>
    <Image Include="Sprites\Lich.png">
      <Filter>Файлы ресурсов\Sprites</Filter>
    </Image>
    <Image Include="Sprites\Orc.png">
      <Filter>Файлы ресурсов\Sprites</Filter>
    </Image>
    <Image Include="Sprites\Player.png">
      <Filter>Файлы ресурсов\Sprites</Filter>
    </Image>
    <Image Include="Sprites\Roc.png">
      <Filter>Файлы ресурсов\Sprites</Filter>
    </Image>
    <Image Include="Sprites\Titan.png">
      <Filter>Файлы ресурсов\Sprites</Filter>
    </Image>
    <Image Include="Sprites\Vampire.png">
      <Filter>Файлы ресурсов\Sprites</Filter>
    </Image>
    <Image Include="Sprites\Pugalo_atlas.png">
      <Filter>Файлы ресурсов\Sprites</Filter>
    </Image>
    <Image Include="Sprites\Altar.png">
      <Filter>Файлы ресурсов\Sprites</Filter>
    </Image>
  </ItemGroup>
</Project>